
Microsoft Visual Studio Solution File, Format Version 12.00
# Visual Studio Version 17
VisualStudioVersion = 17.2.32616.157
MinimumVisualStudioVersion = 10.0.40219.1
Project("{8BC9CEB8-8B4A-11D0-8D11-00A0C91BC942}") = "Operadores Aritmetricos", "Operadores Aritmetricos\Operadores Aritmetricos.vcxproj", "{6198920B-DD02-423C-A7C5-731AAE35F69A}"
EndProject
Global
	GlobalSection(SolutionConfigurationPlatforms) = preSolution
		Debug|x64 = Debug|x64
		Debug|x86 = Debug|x86
		Release|x64 = Release|x64
		Release|x86 = Release|x86
	EndGlobalSection
	GlobalSection(ProjectConfigurationPlatforms) = postSolution
		{6198920B-DD02-423C-A7C5-731AAE35F69A}.Debug|x64.ActiveCfg = Debug|x64
		{6198920B-DD02-423C-A7C5-731AAE35F69A}.Debug|x64.Build.0 = Debug|x64
		{6198920B-DD02-423C-A7C5-731AAE35F69A}.Debug|x86.ActiveCfg = Debug|Win32
		{6198920B-DD02-423C-A7C5-731AAE35F69A}.Debug|x86.Build.0 = Debug|Win32
		{6198920B-DD02-423C-A7C5-731AAE35F69A}.Release|x64.ActiveCfg = Release|x64
		{6198920B-DD02-423C-A7C5-731AAE35F69A}.Release|x64.Build.0 = Release|x64
		{6198920B-DD02-423C-A7C5-731AAE35F69A}.Release|x86.ActiveCfg = Release|Win32
		{6198920B-DD02-423C-A7C5-731AAE35F69A}.Release|x86.Build.0 = Release|Win32
	EndGlobalSection
	GlobalSection(SolutionProperties) = preSolution
		HideSolutionNode = FALSE
	EndGlobalSection
	GlobalSection(ExtensibilityGlobals) = postSolution
		SolutionGuid = {D7192FEE-3CA9-4D95-96B6-89B7D0AFCE68}
	EndGlobalSection
EndGlobal
